
Microsoft Visual Studio Solution File, Format Version 12.00
Project("{FAE04EC0-301F-11D3-BF4B-00C04F79EFBC}") = "CafeSystem", "CafeSystem\CafeSystem.csproj", "{12065D79-B1AF-404D-AAF2-C203CEF54D94}"
EndProject
Global
	GlobalSection(SolutionConfigurationPlatforms) = preSolution
		Debug|Any CPU = Debug|Any CPU
		Release|Any CPU = Release|Any CPU
	EndGlobalSection
	GlobalSection(ProjectConfigurationPlatforms) = postSolution
		{12065D79-B1AF-404D-AAF2-C203CEF54D94}.Debug|Any CPU.ActiveCfg = Debug|Any CPU
		{12065D79-B1AF-404D-AAF2-C203CEF54D94}.Debug|Any CPU.Build.0 = Debug|Any CPU
		{12065D79-B1AF-404D-AAF2-C203CEF54D94}.Release|Any CPU.ActiveCfg = Release|Any CPU
		{12065D79-B1AF-404D-AAF2-C203CEF54D94}.Release|Any CPU.Build.0 = Release|Any CPU
	EndGlobalSection
EndGlobal
